// !$*UTF8*$!
{
	archiveVersion = 1;
	classes = {
	};
	objectVersion = 77;
	objects = {

/* Begin PBXBuildFile section */
		DD56ADB32F14C38D00768D71 /* SharedKit in Frameworks */ = {isa = PBXBuildFile; productRef = DD56ADB22F14C38D00768D71 /* SharedKit */; };
/* End PBXBuildFile section */

/* Begin PBXContainerItemProxy section */
		DD56ABDC2F0D806F00768D71 /* PBXContainerItemProxy */ = {
			isa = PBXContainerItemProxy;
			containerPortal = DD56ABC62F0D806E00768D71 /* Project object */;
			proxyType = 1;
			remoteGlobalIDString = DD56ABCD2F0D806E00768D71;
			remoteInfo = PracticeApps;
		};
		DD56ABE62F0D806F00768D71 /* PBXContainerItemProxy */ = {
			isa = PBXContainerItemProxy;
			containerPortal = DD56ABC62F0D806E00768D71 /* Project object */;
			proxyType = 1;
			remoteGlobalIDString = DD56ABCD2F0D806E00768D71;
			remoteInfo = PracticeApps;
		};
/* End PBXContainerItemProxy section */

/* Begin PBXFileReference section */
		DD56ABCE2F0D806E00768D71 /* PracticeApps.app */ = {isa = PBXFileReference; explicitFileType = wrapper.application; includeInIndex = 0; path = PracticeApps.app; sourceTree = BUILT_PRODUCTS_DIR; };
		DD56ABDB2F0D806F00768D71 /* PracticeAppsTests.xctest */ = {isa = PBXFileReference; explicitFileType = wrapper.cfbundle; includeInIndex = 0; path = PracticeAppsTests.xctest; sourceTree = BUILT_PRODUCTS_DIR; };
		DD56ABE52F0D806F00768D71 /* PracticeAppsUITests.xctest */ = {isa = PBXFileReference; explicitFileType = wrapper.cfbundle; includeInIndex = 0; path = PracticeAppsUITests.xctest; sourceTree = BUILT_PRODUCTS_DIR; };
/* End PBXFileReference section */

/* Begin PBXFileSystemSynchronizedBuildFileExceptionSet section */
		DD56AE9B2F1A0E7C00768D71 /* Exceptions for "PracticeApps" folder in "PracticeApps" target */ = {
			isa = PBXFileSystemSynchronizedBuildFileExceptionSet;
			membershipExceptions = (
				Apps/Templates/AnalyticsManager.swift,
				Apps/Templates/APIClientProtocol.swift,
				"Apps/Templates/Cache-Actor-based cache with in-flight deduplication + tests .swift",
				Apps/Templates/ConcurrentAttachmentsDownload.swift,
				Apps/Templates/DraftEmail.swift,
				Apps/Templates/ImageLoaderDisk.swift,
				"Apps/Templates/Load State + cancellation + tests.swift",
				Apps/Templates/LRUCache.swift,
				Apps/Templates/OfflineEmailSync.swift,
				Apps/Templates/PaymentsArchitecture.swift,
				"Apps/Templates/Sys Design/Generic Template/SampleEx.swift",
				"Apps/Templates/Sys Design/Generic Template/SysDesign-Requirements.swift",
			);
			target = DD56ABCD2F0D806E00768D71 /* PracticeApps */;
		};
/* End PBXFileSystemSynchronizedBuildFileExceptionSet section */

/* Begin PBXFileSystemSynchronizedRootGroup section */
		DD56ABD02F0D806E00768D71 /* PracticeApps */ = {
			isa = PBXFileSystemSynchronizedRootGroup;
			exceptions = (
				DD56AE9B2F1A0E7C00768D71 /* Exceptions for "PracticeApps" folder in "PracticeApps" target */,
			);
			path = PracticeApps;
			sourceTree = "<group>";
		};
		DD56ABDE2F0D806F00768D71 /* PracticeAppsTests */ = {
			isa = PBXFileSystemSynchronizedRootGroup;
			path = PracticeAppsTests;
			sourceTree = "<group>";
		};
		DD56ABE82F0D806F00768D71 /* PracticeAppsUITests */ = {
			isa = PBXFileSystemSynchronizedRootGroup;
			path = PracticeAppsUITests;
			sourceTree = "<group>";
		};
/* End PBXFileSystemSynchronizedRootGroup section */

/* Begin PBXFrameworksBuildPhase section */
		DD56ABCB2F0D806E00768D71 /* Frameworks */ = {
			isa = PBXFrameworksBuildPhase;
			buildActionMask = 2147483647;
			files = (
				DD56ADB32F14C38D00768D71 /* SharedKit in Frameworks */,
			);
			runOnlyForDeploymentPostprocessing = 0;
		};
		DD56ABD82F0D806F00768D71 /* Frameworks */ = {
			isa = PBXFrameworksBuildPhase;
			buildActionMask = 2147483647;
			files = (
			);
			runOnlyForDeploymentPostprocessing = 0;
		};
		DD56ABE22F0D806F00768D71 /* Frameworks */ = {
			isa = PBXFrameworksBuildPhase;
			buildActionMask = 2147483647;
			files = (
			);
			runOnlyForDeploymentPostprocessing = 0;
		};
/* End PBXFrameworksBuildPhase section */

/* Begin PBXGroup section */
		DD56ABC52F0D806E00768D71 = {
			isa = PBXGroup;
			children = (
				DD56ABD02F0D806E00768D71 /* PracticeApps */,
				DD56ABDE2F0D806F00768D71 /* PracticeAppsTests */,
				DD56ABE82F0D806F00768D71 /* PracticeAppsUITests */,
				DD56ADB12F14C38D00768D71 /* Frameworks */,
				DD56ABCF2F0D806E00768D71 /* Products */,
			);
			sourceTree = "<group>";
		};
		DD56ABCF2F0D806E00768D71 /* Products */ = {
			isa = PBXGroup;
			children = (
				DD56ABCE2F0D806E00768D71 /* PracticeApps.app */,
				DD56ABDB2F0D806F00768D71 /* PracticeAppsTests.xctest */,
				DD56ABE52F0D806F00768D71 /* PracticeAppsUITests.xctest */,
			);
			name = Products;
			sourceTree = "<group>";
		};
		DD56ADB12F14C38D00768D71 /* Frameworks */ = {
			isa = PBXGroup;
			children = (
			);
			name = Frameworks;
			sourceTree = "<group>";
		};
/* End PBXGroup section */

/* Begin PBXNativeTarget section */
		DD56ABCD2F0D806E00768D71 /* PracticeApps */ = {
			isa = PBXNativeTarget;
			buildConfigurationList = DD56ABEF2F0D806F00768D71 /* Build configuration list for PBXNativeTarget "PracticeApps" */;
			buildPhases = (
				DD56ABCA2F0D806E00768D71 /* Sources */,
				DD56ABCB2F0D806E00768D71 /* Frameworks */,
				DD56ABCC2F0D806E00768D71 /* Resources */,
			);
			buildRules = (
			);
			dependencies = (
			);
			fileSystemSynchronizedGroups = (
				DD56ABD02F0D806E00768D71 /* PracticeApps */,
			);
			name = PracticeApps;
			packageProductDependencies = (
				DD56ADB22F14C38D00768D71 /* SharedKit */,
			);
			productName = PracticeApps;
			productReference = DD56ABCE2F0D806E00768D71 /* PracticeApps.app */;
			productType = "com.apple.product-type.application";
		};
		DD56ABDA2F0D806F00768D71 /* PracticeAppsTests */ = {
			isa = PBXNativeTarget;
			buildConfigurationList = DD56ABF22F0D806F00768D71 /* Build configuration list for PBXNativeTarget "PracticeAppsTests" */;
			buildPhases = (
				DD56ABD72F0D806F00768D71 /* Sources */,
				DD56ABD82F0D806F00768D71 /* Frameworks */,
				DD56ABD92F0D806F00768D71 /* Resources */,
			);
			buildRules = (
			);
			dependencies = (
				DD56ABDD2F0D806F00768D71 /* PBXTargetDependency */,
			);
			fileSystemSynchronizedGroups = (
				DD56ABDE2F0D806F00768D71 /* PracticeAppsTests */,
			);
			name = PracticeAppsTests;
			packageProductDependencies = (
			);
			productName = PracticeAppsTests;
			productReference = DD56ABDB2F0D806F00768D71 /* PracticeAppsTests.xctest */;
			productType = "com.apple.product-type.bundle.unit-test";
		};
		DD56ABE42F0D806F00768D71 /* PracticeAppsUITests */ = {
			isa = PBXNativeTarget;
			buildConfigurationList = DD56ABF52F0D806F00768D71 /* Build configuration list for PBXNativeTarget "PracticeAppsUITests" */;
			buildPhases = (
				DD56ABE12F0D806F00768D71 /* Sources */,
				DD56ABE22F0D806F00768D71 /* Frameworks */,
				DD56ABE32F0D806F00768D71 /* Resources */,
			);
			buildRules = (
			);
			dependencies = (
				DD56ABE72F0D806F00768D71 /* PBXTargetDependency */,
			);
			fileSystemSynchronizedGroups = (
				DD56ABE82F0D806F00768D71 /* PracticeAppsUITests */,
			);
			name = PracticeAppsUITests;
			packageProductDependencies = (
			);
			productName = PracticeAppsUITests;
			productReference = DD56ABE52F0D806F00768D71 /* PracticeAppsUITests.xctest */;
			productType = "com.apple.product-type.bundle.ui-testing";
		};
/* End PBXNativeTarget section */

/* Begin PBXProject section */
		DD56ABC62F0D806E00768D71 /* Project object */ = {
			isa = PBXProject;
			attributes = {
				BuildIndependentTargetsInParallel = 1;
				LastSwiftUpdateCheck = 2610;
				LastUpgradeCheck = 2610;
				TargetAttributes = {
					DD56ABCD2F0D806E00768D71 = {
						CreatedOnToolsVersion = 26.1;
					};
					DD56ABDA2F0D806F00768D71 = {
						CreatedOnToolsVersion = 26.1;
						TestTargetID = DD56ABCD2F0D806E00768D71;
					};
					DD56ABE42F0D806F00768D71 = {
						CreatedOnToolsVersion = 26.1;
						TestTargetID = DD56ABCD2F0D806E00768D71;
					};
				};
			};
			buildConfigurationList = DD56ABC92F0D806E00768D71 /* Build configuration list for PBXProject "PracticeApps" */;
			developmentRegion = en;
			hasScannedForEncodings = 0;
			knownRegions = (
				en,
				Base,
			);
			mainGroup = DD56ABC52F0D806E00768D71;
			minimizedProjectReferenceProxies = 1;
			packageReferences = (
				DD56ADB02F14C37400768D71 /* XCLocalSwiftPackageReference "Packages/SharedKit" */,
			);
			preferredProjectObjectVersion = 77;
			productRefGroup = DD56ABCF2F0D806E00768D71 /* Products */;
			projectDirPath = "";
			projectRoot = "";
			targets = (
				DD56ABCD2F0D806E00768D71 /* PracticeApps */,
				DD56ABDA2F0D806F00768D71 /* PracticeAppsTests */,
				DD56ABE42F0D806F00768D71 /* PracticeAppsUITests */,
			);
		};
/* End PBXProject section */

/* Begin PBXResourcesBuildPhase section */
		DD56ABCC2F0D806E00768D71 /* Resources */ = {
			isa = PBXResourcesBuildPhase;
			buildActionMask = 2147483647;
			files = (
			);
			runOnlyForDeploymentPostprocessing = 0;
		};
		DD56ABD92F0D806F00768D71 /* Resources */ = {
			isa = PBXResourcesBuildPhase;
			buildActionMask = 2147483647;
			files = (
			);
			runOnlyForDeploymentPostprocessing = 0;
		};
		DD56ABE32F0D806F00768D71 /* Resources */ = {
			isa = PBXResourcesBuildPhase;
			buildActionMask = 2147483647;
			files = (
			);
			runOnlyForDeploymentPostprocessing = 0;
		};
/* End PBXResourcesBuildPhase section */

/* Begin PBXSourcesBuildPhase section */
		DD56ABCA2F0D806E00768D71 /* Sources */ = {
			isa = PBXSourcesBuildPhase;
			buildActionMask = 2147483647;
			files = (
			);
			runOnlyForDeploymentPostprocessing = 0;
		};
		DD56ABD72F0D806F00768D71 /* Sources */ = {
			isa = PBXSourcesBuildPhase;
			buildActionMask = 2147483647;
			files = (
			);
			runOnlyForDeploymentPostprocessing = 0;
		};
		DD56ABE12F0D806F00768D71 /* Sources */ = {
			isa = PBXSourcesBuildPhase;
			buildActionMask = 2147483647;
			files = (
			);
			runOnlyForDeploymentPostprocessing = 0;
		};
/* End PBXSourcesBuildPhase section */

/* Begin PBXTargetDependency section */
		DD56ABDD2F0D806F00768D71 /* PBXTargetDependency */ = {
			isa = PBXTargetDependency;
			target = DD56ABCD2F0D806E00768D71 /* PracticeApps */;
			targetProxy = DD56ABDC2F0D806F00768D71 /* PBXContainerItemProxy */;
		};
		DD56ABE72F0D806F00768D71 /* PBXTargetDependency */ = {
			isa = PBXTargetDependency;
			target = DD56ABCD2F0D806E00768D71 /* PracticeApps */;
			targetProxy = DD56ABE62F0D806F00768D71 /* PBXContainerItemProxy */;
		};
/* End PBXTargetDependency section */

/* Begin XCBuildConfiguration section */
		DD56ABED2F0D806F00768D71 /* Debug */ = {
			isa = XCBuildConfiguration;
			buildSettings = {
				ALWAYS_SEARCH_USER_PATHS = NO;
				ASSETCATALOG_COMPILER_GENERATE_SWIFT_ASSET_SYMBOL_EXTENSIONS = YES;
				CLANG_ANALYZER_NONNULL = YES;
				CLANG_ANALYZER_NUMBER_OBJECT_CONVERSION = YES_AGGRESSIVE;
				CLANG_CXX_LANGUAGE_STANDARD = "gnu++20";
				CLANG_ENABLE_MODULES = YES;
				CLANG_ENABLE_OBJC_ARC = YES;
				CLANG_ENABLE_OBJC_WEAK = YES;
				CLANG_WARN_BLOCK_CAPTURE_AUTORELEASING = YES;
				CLANG_WARN_BOOL_CONVERSION = YES;
				CLANG_WARN_COMMA = YES;
				CLANG_WARN_CONSTANT_CONVERSION = YES;
				CLANG_WARN_DEPRECATED_OBJC_IMPLEMENTATIONS = YES;
				CLANG_WARN_DIRECT_OBJC_ISA_USAGE = YES_ERROR;
				CLANG_WARN_DOCUMENTATION_COMMENTS = YES;
				CLANG_WARN_EMPTY_BODY = YES;
				CLANG_WARN_ENUM_CONVERSION = YES;
				CLANG_WARN_INFINITE_RECURSION = YES;
				CLANG_WARN_INT_CONVERSION = YES;
				CLANG_WARN_NON_LITERAL_NULL_CONVERSION = YES;
				CLANG_WARN_OBJC_IMPLICIT_RETAIN_SELF = YES;
				CLANG_WARN_OBJC_LITERAL_CONVERSION = YES;
				CLANG_WARN_OBJC_ROOT_CLASS = YES_ERROR;
				CLANG_WARN_QUOTED_INCLUDE_IN_FRAMEWORK_HEADER = YES;
				CLANG_WARN_RANGE_LOOP_ANALYSIS = YES;
				CLANG_WARN_STRICT_PROTOTYPES = YES;
				CLANG_WARN_SUSPICIOUS_MOVE = YES;
				CLANG_WARN_UNGUARDED_AVAILABILITY = YES_AGGRESSIVE;
				CLANG_WARN_UNREACHABLE_CODE = YES;
				CLANG_WARN__DUPLICATE_METHOD_MATCH = YES;
				COPY_PHASE_STRIP = NO;
				DEBUG_INFORMATION_FORMAT = dwarf;
				ENABLE_STRICT_OBJC_MSGSEND = YES;
				ENABLE_TESTABILITY = YES;
				ENABLE_USER_SCRIPT_SANDBOXING = YES;
				GCC_C_LANGUAGE_STANDARD = gnu17;
				GCC_DYNAMIC_NO_PIC = NO;
				GCC_NO_COMMON_BLOCKS = YES;
				GCC_OPTIMIZATION_LEVEL = 0;
				GCC_PREPROCESSOR_DEFINITIONS = (
					"DEBUG=1",
					"$(inherited)",
				);
				GCC_WARN_64_TO_32_BIT_CONVERSION = YES;
				GCC_WARN_ABOUT_RETURN_TYPE = YES_ERROR;
				GCC_WARN_UNDECLARED_SELECTOR = YES;
				GCC_WARN_UNINITIALIZED_AUTOS = YES_AGGRESSIVE;
				GCC_WARN_UNUSED_FUNCTION = YES;
				GCC_WARN_UNUSED_VARIABLE = YES;
				IPHONEOS_DEPLOYMENT_TARGET = 26.1;
				LOCALIZATION_PREFERS_STRING_CATALOGS = YES;
				MTL_ENABLE_DEBUG_INFO = INCLUDE_SOURCE;
				MTL_FAST_MATH = YES;
				ONLY_ACTIVE_ARCH = YES;
				SDKROOT = iphoneos;
				SWIFT_ACTIVE_COMPILATION_CONDITIONS = "DEBUG $(inherited)";
				SWIFT_OPTIMIZATION_LEVEL = "-Onone";
			};
			name = Debug;
		};
		DD56ABEE2F0D806F00768D71 /* Release */ = {
			isa = XCBuildConfiguration;
			buildSettings = {
				ALWAYS_SEARCH_USER_PATHS = NO;
				ASSETCATALOG_COMPILER_GENERATE_SWIFT_ASSET_SYMBOL_EXTENSIONS = YES;
				CLANG_ANALYZER_NONNULL = YES;
				CLANG_ANALYZER_NUMBER_OBJECT_CONVERSION = YES_AGGRESSIVE;
				CLANG_CXX_LANGUAGE_STANDARD = "gnu++20";
				CLANG_ENABLE_MODULES = YES;
				CLANG_ENABLE_OBJC_ARC = YES;
				CLANG_ENABLE_OBJC_WEAK = YES;
				CLANG_WARN_BLOCK_CAPTURE_AUTORELEASING = YES;
				CLANG_WARN_BOOL_CONVERSION = YES;
				CLANG_WARN_COMMA = YES;
				CLANG_WARN_CONSTANT_CONVERSION = YES;
				CLANG_WARN_DEPRECATED_OBJC_IMPLEMENTATIONS = YES;
				CLANG_WARN_DIRECT_OBJC_ISA_USAGE = YES_ERROR;
				CLANG_WARN_DOCUMENTATION_COMMENTS = YES;
				CLANG_WARN_EMPTY_BODY = YES;
				CLANG_WARN_ENUM_CONVERSION = YES;
				CLANG_WARN_INFINITE_RECURSION = YES;
				CLANG_WARN_INT_CONVERSION = YES;
				CLANG_WARN_NON_LITERAL_NULL_CONVERSION = YES;
				CLANG_WARN_OBJC_IMPLICIT_RETAIN_SELF = YES;
				CLANG_WARN_OBJC_LITERAL_CONVERSION = YES;
				CLANG_WARN_OBJC_ROOT_CLASS = YES_ERROR;
				CLANG_WARN_QUOTED_INCLUDE_IN_FRAMEWORK_HEADER = YES;
				CLANG_WARN_RANGE_LOOP_ANALYSIS = YES;
				CLANG_WARN_STRICT_PROTOTYPES = YES;
				CLANG_WARN_SUSPICIOUS_MOVE = YES;
				CLANG_WARN_UNGUARDED_AVAILABILITY = YES_AGGRESSIVE;
				CLANG_WARN_UNREACHABLE_CODE = YES;
				CLANG_WARN__DUPLICATE_METHOD_MATCH = YES;
				COPY_PHASE_STRIP = NO;
				DEBUG_INFORMATION_FORMAT = "dwarf-with-dsym";
				ENABLE_NS_ASSERTIONS = NO;
				ENABLE_STRICT_OBJC_MSGSEND = YES;
				ENABLE_USER_SCRIPT_SANDBOXING = YES;
				GCC_C_LANGUAGE_STANDARD = gnu17;
				GCC_NO_COMMON_BLOCKS = YES;
				GCC_WARN_64_TO_32_BIT_CONVERSION = YES;
				GCC_WARN_ABOUT_RETURN_TYPE = YES_ERROR;
				GCC_WARN_UNDECLARED_SELECTOR = YES;
				GCC_WARN_UNINITIALIZED_AUTOS = YES_AGGRESSIVE;
				GCC_WARN_UNUSED_FUNCTION = YES;
				GCC_WARN_UNUSED_VARIABLE = YES;
				IPHONEOS_DEPLOYMENT_TARGET = 26.1;
				LOCALIZATION_PREFERS_STRING_CATALOGS = YES;
				MTL_ENABLE_DEBUG_INFO = NO;
				MTL_FAST_MATH = YES;
				SDKROOT = iphoneos;
				SWIFT_COMPILATION_MODE = wholemodule;
				VALIDATE_PRODUCT = YES;
			};
			name = Release;
		};
		DD56ABF02F0D806F00768D71 /* Debug */ = {
			isa = XCBuildConfiguration;
			buildSettings = {
				ASSETCATALOG_COMPILER_APPICON_NAME = AppIcon;
				ASSETCATALOG_COMPILER_GLOBAL_ACCENT_COLOR_NAME = AccentColor;
				CODE_SIGN_STYLE = Automatic;
				CURRENT_PROJECT_VERSION = 1;
				ENABLE_PREVIEWS = YES;
				GENERATE_INFOPLIST_FILE = YES;
				INFOPLIST_KEY_UIApplicationSceneManifest_Generation = YES;
				INFOPLIST_KEY_UIApplicationSupportsIndirectInputEvents = YES;
				INFOPLIST_KEY_UILaunchScreen_Generation = YES;
				INFOPLIST_KEY_UISupportedInterfaceOrientations_iPad = "UIInterfaceOrientationPortrait UIInterfaceOrientationPortraitUpsideDown UIInterfaceOrientationLandscapeLeft UIInterfaceOrientationLandscapeRight";
				INFOPLIST_KEY_UISupportedInterfaceOrientations_iPhone = "UIInterfaceOrientationPortrait UIInterfaceOrientationLandscapeLeft UIInterfaceOrientationLandscapeRight";
				LD_RUNPATH_SEARCH_PATHS = (
					"$(inherited)",
					"@executable_path/Frameworks",
				);
				MARKETING_VERSION = 1.0;
				PRODUCT_BUNDLE_IDENTIFIER = com.ashish.PracticeApps;
				PRODUCT_NAME = "$(TARGET_NAME)";
				STRING_CATALOG_GENERATE_SYMBOLS = YES;
				SWIFT_APPROACHABLE_CONCURRENCY = YES;
				SWIFT_DEFAULT_ACTOR_ISOLATION = MainActor;
				SWIFT_EMIT_LOC_STRINGS = YES;
				SWIFT_UPCOMING_FEATURE_MEMBER_IMPORT_VISIBILITY = YES;
				SWIFT_VERSION = 5.0;
				TARGETED_DEVICE_FAMILY = "1,2";
			};
			name = Debug;
		};
		DD56ABF12F0D806F00768D71 /* Release */ = {
			isa = XCBuildConfiguration;
			buildSettings = {
				ASSETCATALOG_COMPILER_APPICON_NAME = AppIcon;
				ASSETCATALOG_COMPILER_GLOBAL_ACCENT_COLOR_NAME = AccentColor;
				CODE_SIGN_STYLE = Automatic;
				CURRENT_PROJECT_VERSION = 1;
				ENABLE_PREVIEWS = YES;
				GENERATE_INFOPLIST_FILE = YES;
				INFOPLIST_KEY_UIApplicationSceneManifest_Generation = YES;
				INFOPLIST_KEY_UIApplicationSupportsIndirectInputEvents = YES;
				INFOPLIST_KEY_UILaunchScreen_Generation = YES;
				INFOPLIST_KEY_UISupportedInterfaceOrientations_iPad = "UIInterfaceOrientationPortrait UIInterfaceOrientationPortraitUpsideDown UIInterfaceOrientationLandscapeLeft UIInterfaceOrientationLandscapeRight";
				INFOPLIST_KEY_UISupportedInterfaceOrientations_iPhone = "UIInterfaceOrientationPortrait UIInterfaceOrientationLandscapeLeft UIInterfaceOrientationLandscapeRight";
				LD_RUNPATH_SEARCH_PATHS = (
					"$(inherited)",
					"@executable_path/Frameworks",
				);
				MARKETING_VERSION = 1.0;
				PRODUCT_BUNDLE_IDENTIFIER = com.ashish.PracticeApps;
				PRODUCT_NAME = "$(TARGET_NAME)";
				STRING_CATALOG_GENERATE_SYMBOLS = YES;
				SWIFT_APPROACHABLE_CONCURRENCY = YES;
				SWIFT_DEFAULT_ACTOR_ISOLATION = MainActor;
				SWIFT_EMIT_LOC_STRINGS = YES;
				SWIFT_UPCOMING_FEATURE_MEMBER_IMPORT_VISIBILITY = YES;
				SWIFT_VERSION = 5.0;
				TARGETED_DEVICE_FAMILY = "1,2";
			};
			name = Release;
		};
		DD56ABF32F0D806F00768D71 /* Debug */ = {
			isa = XCBuildConfiguration;
			buildSettings = {
				BUNDLE_LOADER = "$(TEST_HOST)";
				CODE_SIGN_STYLE = Automatic;
				CURRENT_PROJECT_VERSION = 1;
				GENERATE_INFOPLIST_FILE = YES;
				IPHONEOS_DEPLOYMENT_TARGET = 26.1;
				MARKETING_VERSION = 1.0;
				PRODUCT_BUNDLE_IDENTIFIER = com.ashish.PracticeAppsTests;
				PRODUCT_NAME = "$(TARGET_NAME)";
				STRING_CATALOG_GENERATE_SYMBOLS = NO;
				SWIFT_APPROACHABLE_CONCURRENCY = YES;
				SWIFT_EMIT_LOC_STRINGS = NO;
				SWIFT_UPCOMING_FEATURE_MEMBER_IMPORT_VISIBILITY = YES;
				SWIFT_VERSION = 5.0;
				TARGETED_DEVICE_FAMILY = "1,2";
				TEST_HOST = "$(BUILT_PRODUCTS_DIR)/PracticeApps.app/$(BUNDLE_EXECUTABLE_FOLDER_PATH)/PracticeApps";
			};
			name = Debug;
		};
		DD56ABF42F0D806F00768D71 /* Release */ = {
			isa = XCBuildConfiguration;
			buildSettings = {
				BUNDLE_LOADER = "$(TEST_HOST)";
				CODE_SIGN_STYLE = Automatic;
				CURRENT_PROJECT_VERSION = 1;
				GENERATE_INFOPLIST_FILE = YES;
				IPHONEOS_DEPLOYMENT_TARGET = 26.1;
				MARKETING_VERSION = 1.0;
				PRODUCT_BUNDLE_IDENTIFIER = com.ashish.PracticeAppsTests;
				PRODUCT_NAME = "$(TARGET_NAME)";
				STRING_CATALOG_GENERATE_SYMBOLS = NO;
				SWIFT_APPROACHABLE_CONCURRENCY = YES;
				SWIFT_EMIT_LOC_STRINGS = NO;
				SWIFT_UPCOMING_FEATURE_MEMBER_IMPORT_VISIBILITY = YES;
				SWIFT_VERSION = 5.0;
				TARGETED_DEVICE_FAMILY = "1,2";
				TEST_HOST = "$(BUILT_PRODUCTS_DIR)/PracticeApps.app/$(BUNDLE_EXECUTABLE_FOLDER_PATH)/PracticeApps";
			};
			name = Release;
		};
		DD56ABF62F0D806F00768D71 /* Debug */ = {
			isa = XCBuildConfiguration;
			buildSettings = {
				CODE_SIGN_STYLE = Automatic;
				CURRENT_PROJECT_VERSION = 1;
				GENERATE_INFOPLIST_FILE = YES;
				MARKETING_VERSION = 1.0;
				PRODUCT_BUNDLE_IDENTIFIER = com.ashish.PracticeAppsUITests;
				PRODUCT_NAME = "$(TARGET_NAME)";
				STRING_CATALOG_GENERATE_SYMBOLS = NO;
				SWIFT_APPROACHABLE_CONCURRENCY = YES;
				SWIFT_EMIT_LOC_STRINGS = NO;
				SWIFT_UPCOMING_FEATURE_MEMBER_IMPORT_VISIBILITY = YES;
				SWIFT_VERSION = 5.0;
				TARGETED_DEVICE_FAMILY = "1,2";
				TEST_TARGET_NAME = PracticeApps;
			};
			name = Debug;
		};
		DD56ABF72F0D806F00768D71 /* Release */ = {
			isa = XCBuildConfiguration;
			buildSettings = {
				CODE_SIGN_STYLE = Automatic;
				CURRENT_PROJECT_VERSION = 1;
				GENERATE_INFOPLIST_FILE = YES;
				MARKETING_VERSION = 1.0;
				PRODUCT_BUNDLE_IDENTIFIER = com.ashish.PracticeAppsUITests;
				PRODUCT_NAME = "$(TARGET_NAME)";
				STRING_CATALOG_GENERATE_SYMBOLS = NO;
				SWIFT_APPROACHABLE_CONCURRENCY = YES;
				SWIFT_EMIT_LOC_STRINGS = NO;
				SWIFT_UPCOMING_FEATURE_MEMBER_IMPORT_VISIBILITY = YES;
				SWIFT_VERSION = 5.0;
				TARGETED_DEVICE_FAMILY = "1,2";
				TEST_TARGET_NAME = PracticeApps;
			};
			name = Release;
		};
/* End XCBuildConfiguration section */

/* Begin XCConfigurationList section */
		DD56ABC92F0D806E00768D71 /* Build configuration list for PBXProject "PracticeApps" */ = {
			isa = XCConfigurationList;
			buildConfigurations = (
				DD56ABED2F0D806F00768D71 /* Debug */,
				DD56ABEE2F0D806F00768D71 /* Release */,
			);
			defaultConfigurationIsVisible = 0;
			defaultConfigurationName = Release;
		};
		DD56ABEF2F0D806F00768D71 /* Build configuration list for PBXNativeTarget "PracticeApps" */ = {
			isa = XCConfigurationList;
			buildConfigurations = (
				DD56ABF02F0D806F00768D71 /* Debug */,
				DD56ABF12F0D806F00768D71 /* Release */,
			);
			defaultConfigurationIsVisible = 0;
			defaultConfigurationName = Release;
		};
		DD56ABF22F0D806F00768D71 /* Build configuration list for PBXNativeTarget "PracticeAppsTests" */ = {
			isa = XCConfigurationList;
			buildConfigurations = (
				DD56ABF32F0D806F00768D71 /* Debug */,
				DD56ABF42F0D806F00768D71 /* Release */,
			);
			defaultConfigurationIsVisible = 0;
			defaultConfigurationName = Release;
		};
		DD56ABF52F0D806F00768D71 /* Build configuration list for PBXNativeTarget "PracticeAppsUITests" */ = {
			isa = XCConfigurationList;
			buildConfigurations = (
				DD56ABF62F0D806F00768D71 /* Debug */,
				DD56ABF72F0D806F00768D71 /* Release */,
			);
			defaultConfigurationIsVisible = 0;
			defaultConfigurationName = Release;
		};
/* End XCConfigurationList section */

/* Begin XCLocalSwiftPackageReference section */
		DD56ADB02F14C37400768D71 /* XCLocalSwiftPackageReference "Packages/SharedKit" */ = {
			isa = XCLocalSwiftPackageReference;
			relativePath = Packages/SharedKit;
		};
/* End XCLocalSwiftPackageReference section */

/* Begin XCSwiftPackageProductDependency section */
		DD56ADB22F14C38D00768D71 /* SharedKit */ = {
			isa = XCSwiftPackageProductDependency;
			package = DD56ADB02F14C37400768D71 /* XCLocalSwiftPackageReference "Packages/SharedKit" */;
			productName = SharedKit;
		};
/* End XCSwiftPackageProductDependency section */
	};
	rootObject = DD56ABC62F0D806E00768D71 /* Project object */;
}
